
Microsoft Visual Studio Solution File, Format Version 12.00
# Visual Studio Version 16
VisualStudioVersion = 16.0.31624.102
MinimumVisualStudioVersion = 10.0.40219.1
Project("{8BC9CEB8-8B4A-11D0-8D11-00A0C91BC942}") = "Task1Cpp", "Task1Cpp\Task1Cpp.vcxproj", "{CF570EE4-6376-4216-8D4A-B742B61A4027}"
EndProject
Project("{8BC9CEB8-8B4A-11D0-8D11-00A0C91BC942}") = "Task2.cpp", "Task2.cpp\Task2.cpp.vcxproj", "{BD9DE488-D34F-4032-BB11-02286FC08DFE}"
EndProject
Project("{8BC9CEB8-8B4A-11D0-8D11-00A0C91BC942}") = "Task3", "Task3\Task3.vcxproj", "{3DA22258-BC13-4FD7-A52B-BF56C4D92D5E}"
EndProject
Project("{8BC9CEB8-8B4A-11D0-8D11-00A0C91BC942}") = "Task4", "Task4\Task4.vcxproj", "{AA6A6986-1A9D-4723-A654-2A523E431E6A}"
EndProject
Project("{8BC9CEB8-8B4A-11D0-8D11-00A0C91BC942}") = "Task5", "Task5\Task5.vcxproj", "{9549A9C1-C30A-422A-89BF-673B9D12216A}"
EndProject
Project("{8BC9CEB8-8B4A-11D0-8D11-00A0C91BC942}") = "Task6", "Task6\Task6.vcxproj", "{1A1BFAE5-A250-4EC8-82B8-AD10F88FEFCC}"
EndProject
Project("{8BC9CEB8-8B4A-11D0-8D11-00A0C91BC942}") = "Task7", "Task7\Task7.vcxproj", "{353CBCAC-09F1-4E53-B106-DA83FEE99836}"
EndProject
Project("{8BC9CEB8-8B4A-11D0-8D11-00A0C91BC942}") = "Task8", "Task8\Task8.vcxproj", "{FC569C32-AB2E-47BE-8804-063B9ED1834E}"
EndProject
Project("{8BC9CEB8-8B4A-11D0-8D11-00A0C91BC942}") = "Task9", "Task9\Task9.vcxproj", "{E2DE26EB-CDCF-4D4E-A415-C89C50B63C54}"
EndProject
Project("{8BC9CEB8-8B4A-11D0-8D11-00A0C91BC942}") = "Task10c", "Task10c\Task10c.vcxproj", "{D31A673A-34A0-4417-A32B-00A9B5737480}"
EndProject
Project("{8BC9CEB8-8B4A-11D0-8D11-00A0C91BC942}") = "Task11", "Task11\Task11.vcxproj", "{97FBB2D9-8394-4D0E-9586-2E52ABB6A329}"
EndProject
Project("{8BC9CEB8-8B4A-11D0-8D11-00A0C91BC942}") = "Task12", "Task12\Task12.vcxproj", "{351420A9-F0A1-42C6-BE22-3703040C3168}"
EndProject
Project("{8BC9CEB8-8B4A-11D0-8D11-00A0C91BC942}") = "Task13", "Task13\Task13.vcxproj", "{EBF918D3-E6DD-472D-BEE1-B86EEBC1B7F9}"
EndProject
Project("{8BC9CEB8-8B4A-11D0-8D11-00A0C91BC942}") = "Task14", "Task14\Task14.vcxproj", "{DBFB4686-2716-4D95-8698-C2F70996E949}"
EndProject
Project("{8BC9CEB8-8B4A-11D0-8D11-00A0C91BC942}") = "Task15", "Task15\Task15.vcxproj", "{F38BBC79-395B-4A00-B315-A738A196F760}"
EndProject
Project("{8BC9CEB8-8B4A-11D0-8D11-00A0C91BC942}") = "Task16", "Task16\Task16.vcxproj", "{E000F784-6E87-472F-89EC-BDE097F2007F}"
EndProject
Project("{8BC9CEB8-8B4A-11D0-8D11-00A0C91BC942}") = "Task17", "Task17\Task17.vcxproj", "{3050F965-FAC5-48D8-9504-4A767E74DD25}"
EndProject
Project("{8BC9CEB8-8B4A-11D0-8D11-00A0C91BC942}") = "Task18", "Task18\Task18.vcxproj", "{1CED7803-E6CD-4793-807A-4FDBEA3975F5}"
EndProject
Project("{8BC9CEB8-8B4A-11D0-8D11-00A0C91BC942}") = "Task19", "Task19\Task19.vcxproj", "{60F25D3D-A6D7-4135-AA70-E9E20C6816EF}"
EndProject
Project("{8BC9CEB8-8B4A-11D0-8D11-00A0C91BC942}") = "Task20", "Task20\Task20.vcxproj", "{87E9C2DF-5F91-43C3-9D31-85C9BF550DA5}"
EndProject
Project("{8BC9CEB8-8B4A-11D0-8D11-00A0C91BC942}") = "Task21", "Task21\Task21.vcxproj", "{A5629DE2-2C6B-434D-803E-6FB142C39C3B}"
EndProject
Project("{8BC9CEB8-8B4A-11D0-8D11-00A0C91BC942}") = "Task22", "Task22\Task22.vcxproj", "{6E9E07FF-B17E-46AB-B7BF-AD076BCD6298}"
EndProject
Project("{8BC9CEB8-8B4A-11D0-8D11-00A0C91BC942}") = "Task23", "Task23\Task23.vcxproj", "{163321FA-71D4-458A-BAA5-8B3461F9B997}"
EndProject
Project("{8BC9CEB8-8B4A-11D0-8D11-00A0C91BC942}") = "Task24", "Task24\Task24.vcxproj", "{076374AB-ACCA-4D5D-AB31-59A16F6A01F2}"
EndProject
Project("{8BC9CEB8-8B4A-11D0-8D11-00A0C91BC942}") = "Taks25", "Taks25\Taks25.vcxproj", "{D3F96CD1-4D7B-4D97-88D0-4CF13DCEB5F2}"
EndProject
Project("{8BC9CEB8-8B4A-11D0-8D11-00A0C91BC942}") = "Task26", "Task26\Task26.vcxproj", "{3D82396A-3445-4AD5-8D02-C3A119C3A830}"
EndProject
Project("{8BC9CEB8-8B4A-11D0-8D11-00A0C91BC942}") = "Task27", "Task27\Task27.vcxproj", "{9C14147C-7F95-4280-AD16-FE7E5486E8AD}"
EndProject
Project("{8BC9CEB8-8B4A-11D0-8D11-00A0C91BC942}") = "Task28", "Task28\Task28.vcxproj", "{6E386329-F458-4CF7-AC1C-8CCDFAE766A6}"
EndProject
Project("{8BC9CEB8-8B4A-11D0-8D11-00A0C91BC942}") = "Task29", "Task29\Task29.vcxproj", "{EE49DD79-A2DD-4D3D-B9CB-D533D25747D7}"
EndProject
Project("{8BC9CEB8-8B4A-11D0-8D11-00A0C91BC942}") = "Task30", "Task30\Task30.vcxproj", "{BDC12835-EB4C-466E-BD65-8F82EECAC9F7}"
EndProject
Global
	GlobalSection(SolutionConfigurationPlatforms) = preSolution
		Debug|x64 = Debug|x64
		Debug|x86 = Debug|x86
		Release|x64 = Release|x64
		Release|x86 = Release|x86
	EndGlobalSection
	GlobalSection(ProjectConfigurationPlatforms) = postSolution
		{CF570EE4-6376-4216-8D4A-B742B61A4027}.Debug|x64.ActiveCfg = Debug|x64
		{CF570EE4-6376-4216-8D4A-B742B61A4027}.Debug|x64.Build.0 = Debug|x64
		{CF570EE4-6376-4216-8D4A-B742B61A4027}.Debug|x86.ActiveCfg = Debug|Win32
		{CF570EE4-6376-4216-8D4A-B742B61A4027}.Debug|x86.Build.0 = Debug|Win32
		{CF570EE4-6376-4216-8D4A-B742B61A4027}.Release|x64.ActiveCfg = Release|x64
		{CF570EE4-6376-4216-8D4A-B742B61A4027}.Release|x64.Build.0 = Release|x64
		{CF570EE4-6376-4216-8D4A-B742B61A4027}.Release|x86.ActiveCfg = Release|Win32
		{CF570EE4-6376-4216-8D4A-B742B61A4027}.Release|x86.Build.0 = Release|Win32
		{BD9DE488-D34F-4032-BB11-02286FC08DFE}.Debug|x64.ActiveCfg = Debug|x64
		{BD9DE488-D34F-4032-BB11-02286FC08DFE}.Debug|x64.Build.0 = Debug|x64
		{BD9DE488-D34F-4032-BB11-02286FC08DFE}.Debug|x86.ActiveCfg = Debug|Win32
		{BD9DE488-D34F-4032-BB11-02286FC08DFE}.Debug|x86.Build.0 = Debug|Win32
		{BD9DE488-D34F-4032-BB11-02286FC08DFE}.Release|x64.ActiveCfg = Release|x64
		{BD9DE488-D34F-4032-BB11-02286FC08DFE}.Release|x64.Build.0 = Release|x64
		{BD9DE488-D34F-4032-BB11-02286FC08DFE}.Release|x86.ActiveCfg = Release|Win32
		{BD9DE488-D34F-4032-BB11-02286FC08DFE}.Release|x86.Build.0 = Release|Win32
		{3DA22258-BC13-4FD7-A52B-BF56C4D92D5E}.Debug|x64.ActiveCfg = Debug|x64
		{3DA22258-BC13-4FD7-A52B-BF56C4D92D5E}.Debug|x64.Build.0 = Debug|x64
		{3DA22258-BC13-4FD7-A52B-BF56C4D92D5E}.Debug|x86.ActiveCfg = Debug|Win32
		{3DA22258-BC13-4FD7-A52B-BF56C4D92D5E}.Debug|x86.Build.0 = Debug|Win32
		{3DA22258-BC13-4FD7-A52B-BF56C4D92D5E}.Release|x64.ActiveCfg = Release|x64
		{3DA22258-BC13-4FD7-A52B-BF56C4D92D5E}.Release|x64.Build.0 = Release|x64
		{3DA22258-BC13-4FD7-A52B-BF56C4D92D5E}.Release|x86.ActiveCfg = Release|Win32
		{3DA22258-BC13-4FD7-A52B-BF56C4D92D5E}.Release|x86.Build.0 = Release|Win32
		{AA6A6986-1A9D-4723-A654-2A523E431E6A}.Debug|x64.ActiveCfg = Debug|x64
		{AA6A6986-1A9D-4723-A654-2A523E431E6A}.Debug|x64.Build.0 = Debug|x64
		{AA6A6986-1A9D-4723-A654-2A523E431E6A}.Debug|x86.ActiveCfg = Debug|Win32
		{AA6A6986-1A9D-4723-A654-2A523E431E6A}.Debug|x86.Build.0 = Debug|Win32
		{AA6A6986-1A9D-4723-A654-2A523E431E6A}.Release|x64.ActiveCfg = Release|x64
		{AA6A6986-1A9D-4723-A654-2A523E431E6A}.Release|x64.Build.0 = Release|x64
		{AA6A6986-1A9D-4723-A654-2A523E431E6A}.Release|x86.ActiveCfg = Release|Win32
		{AA6A6986-1A9D-4723-A654-2A523E431E6A}.Release|x86.Build.0 = Release|Win32
		{9549A9C1-C30A-422A-89BF-673B9D12216A}.Debug|x64.ActiveCfg = Debug|x64
		{9549A9C1-C30A-422A-89BF-673B9D12216A}.Debug|x64.Build.0 = Debug|x64
		{9549A9C1-C30A-422A-89BF-673B9D12216A}.Debug|x86.ActiveCfg = Debug|Win32
		{9549A9C1-C30A-422A-89BF-673B9D12216A}.Debug|x86.Build.0 = Debug|Win32
		{9549A9C1-C30A-422A-89BF-673B9D12216A}.Release|x64.ActiveCfg = Release|x64
		{9549A9C1-C30A-422A-89BF-673B9D12216A}.Release|x64.Build.0 = Release|x64
		{9549A9C1-C30A-422A-89BF-673B9D12216A}.Release|x86.ActiveCfg = Release|Win32
		{9549A9C1-C30A-422A-89BF-673B9D12216A}.Release|x86.Build.0 = Release|Win32
		{1A1BFAE5-A250-4EC8-82B8-AD10F88FEFCC}.Debug|x64.ActiveCfg = Debug|x64
		{1A1BFAE5-A250-4EC8-82B8-AD10F88FEFCC}.Debug|x64.Build.0 = Debug|x64
		{1A1BFAE5-A250-4EC8-82B8-AD10F88FEFCC}.Debug|x86.ActiveCfg = Debug|Win32
		{1A1BFAE5-A250-4EC8-82B8-AD10F88FEFCC}.Debug|x86.Build.0 = Debug|Win32
		{1A1BFAE5-A250-4EC8-82B8-AD10F88FEFCC}.Release|x64.ActiveCfg = Release|x64
		{1A1BFAE5-A250-4EC8-82B8-AD10F88FEFCC}.Release|x64.Build.0 = Release|x64
		{1A1BFAE5-A250-4EC8-82B8-AD10F88FEFCC}.Release|x86.ActiveCfg = Release|Win32
		{1A1BFAE5-A250-4EC8-82B8-AD10F88FEFCC}.Release|x86.Build.0 = Release|Win32
		{353CBCAC-09F1-4E53-B106-DA83FEE99836}.Debug|x64.ActiveCfg = Debug|x64
		{353CBCAC-09F1-4E53-B106-DA83FEE99836}.Debug|x64.Build.0 = Debug|x64
		{353CBCAC-09F1-4E53-B106-DA83FEE99836}.Debug|x86.ActiveCfg = Debug|Win32
		{353CBCAC-09F1-4E53-B106-DA83FEE99836}.Debug|x86.Build.0 = Debug|Win32
		{353CBCAC-09F1-4E53-B106-DA83FEE99836}.Release|x64.ActiveCfg = Release|x64
		{353CBCAC-09F1-4E53-B106-DA83FEE99836}.Release|x64.Build.0 = Release|x64
		{353CBCAC-09F1-4E53-B106-DA83FEE99836}.Release|x86.ActiveCfg = Release|Win32
		{353CBCAC-09F1-4E53-B106-DA83FEE99836}.Release|x86.Build.0 = Release|Win32
		{FC569C32-AB2E-47BE-8804-063B9ED1834E}.Debug|x64.ActiveCfg = Debug|x64
		{FC569C32-AB2E-47BE-8804-063B9ED1834E}.Debug|x64.Build.0 = Debug|x64
		{FC569C32-AB2E-47BE-8804-063B9ED1834E}.Debug|x86.ActiveCfg = Debug|Win32
		{FC569C32-AB2E-47BE-8804-063B9ED1834E}.Debug|x86.Build.0 = Debug|Win32
		{FC569C32-AB2E-47BE-8804-063B9ED1834E}.Release|x64.ActiveCfg = Release|x64
		{FC569C32-AB2E-47BE-8804-063B9ED1834E}.Release|x64.Build.0 = Release|x64
		{FC569C32-AB2E-47BE-8804-063B9ED1834E}.Release|x86.ActiveCfg = Release|Win32
		{FC569C32-AB2E-47BE-8804-063B9ED1834E}.Release|x86.Build.0 = Release|Win32
		{E2DE26EB-CDCF-4D4E-A415-C89C50B63C54}.Debug|x64.ActiveCfg = Debug|x64
		{E2DE26EB-CDCF-4D4E-A415-C89C50B63C54}.Debug|x64.Build.0 = Debug|x64
		{E2DE26EB-CDCF-4D4E-A415-C89C50B63C54}.Debug|x86.ActiveCfg = Debug|Win32
		{E2DE26EB-CDCF-4D4E-A415-C89C50B63C54}.Debug|x86.Build.0 = Debug|Win32
		{E2DE26EB-CDCF-4D4E-A415-C89C50B63C54}.Release|x64.ActiveCfg = Release|x64
		{E2DE26EB-CDCF-4D4E-A415-C89C50B63C54}.Release|x64.Build.0 = Release|x64
		{E2DE26EB-CDCF-4D4E-A415-C89C50B63C54}.Release|x86.ActiveCfg = Release|Win32
		{E2DE26EB-CDCF-4D4E-A415-C89C50B63C54}.Release|x86.Build.0 = Release|Win32
		{D31A673A-34A0-4417-A32B-00A9B5737480}.Debug|x64.ActiveCfg = Debug|x64
		{D31A673A-34A0-4417-A32B-00A9B5737480}.Debug|x64.Build.0 = Debug|x64
		{D31A673A-34A0-4417-A32B-00A9B5737480}.Debug|x86.ActiveCfg = Debug|Win32
		{D31A673A-34A0-4417-A32B-00A9B5737480}.Debug|x86.Build.0 = Debug|Win32
		{D31A673A-34A0-4417-A32B-00A9B5737480}.Release|x64.ActiveCfg = Release|x64
		{D31A673A-34A0-4417-A32B-00A9B5737480}.Release|x64.Build.0 = Release|x64
		{D31A673A-34A0-4417-A32B-00A9B5737480}.Release|x86.ActiveCfg = Release|Win32
		{D31A673A-34A0-4417-A32B-00A9B5737480}.Release|x86.Build.0 = Release|Win32
		{97FBB2D9-8394-4D0E-9586-2E52ABB6A329}.Debug|x64.ActiveCfg = Debug|x64
		{97FBB2D9-8394-4D0E-9586-2E52ABB6A329}.Debug|x64.Build.0 = Debug|x64
		{97FBB2D9-8394-4D0E-9586-2E52ABB6A329}.Debug|x86.ActiveCfg = Debug|Win32
		{97FBB2D9-8394-4D0E-9586-2E52ABB6A329}.Debug|x86.Build.0 = Debug|Win32
		{97FBB2D9-8394-4D0E-9586-2E52ABB6A329}.Release|x64.ActiveCfg = Release|x64
		{97FBB2D9-8394-4D0E-9586-2E52ABB6A329}.Release|x64.Build.0 = Release|x64
		{97FBB2D9-8394-4D0E-9586-2E52ABB6A329}.Release|x86.ActiveCfg = Release|Win32
		{97FBB2D9-8394-4D0E-9586-2E52ABB6A329}.Release|x86.Build.0 = Release|Win32
		{351420A9-F0A1-42C6-BE22-3703040C3168}.Debug|x64.ActiveCfg = Debug|x64
		{351420A9-F0A1-42C6-BE22-3703040C3168}.Debug|x64.Build.0 = Debug|x64
		{351420A9-F0A1-42C6-BE22-3703040C3168}.Debug|x86.ActiveCfg = Debug|Win32
		{351420A9-F0A1-42C6-BE22-3703040C3168}.Debug|x86.Build.0 = Debug|Win32
		{351420A9-F0A1-42C6-BE22-3703040C3168}.Release|x64.ActiveCfg = Release|x64
		{351420A9-F0A1-42C6-BE22-3703040C3168}.Release|x64.Build.0 = Release|x64
		{351420A9-F0A1-42C6-BE22-3703040C3168}.Release|x86.ActiveCfg = Release|Win32
		{351420A9-F0A1-42C6-BE22-3703040C3168}.Release|x86.Build.0 = Release|Win32
		{EBF918D3-E6DD-472D-BEE1-B86EEBC1B7F9}.Debug|x64.ActiveCfg = Debug|x64
		{EBF918D3-E6DD-472D-BEE1-B86EEBC1B7F9}.Debug|x64.Build.0 = Debug|x64
		{EBF918D3-E6DD-472D-BEE1-B86EEBC1B7F9}.Debug|x86.ActiveCfg = Debug|Win32
		{EBF918D3-E6DD-472D-BEE1-B86EEBC1B7F9}.Debug|x86.Build.0 = Debug|Win32
		{EBF918D3-E6DD-472D-BEE1-B86EEBC1B7F9}.Release|x64.ActiveCfg = Release|x64
		{EBF918D3-E6DD-472D-BEE1-B86EEBC1B7F9}.Release|x64.Build.0 = Release|x64
		{EBF918D3-E6DD-472D-BEE1-B86EEBC1B7F9}.Release|x86.ActiveCfg = Release|Win32
		{EBF918D3-E6DD-472D-BEE1-B86EEBC1B7F9}.Release|x86.Build.0 = Release|Win32
		{DBFB4686-2716-4D95-8698-C2F70996E949}.Debug|x64.ActiveCfg = Debug|x64
		{DBFB4686-2716-4D95-8698-C2F70996E949}.Debug|x64.Build.0 = Debug|x64
		{DBFB4686-2716-4D95-8698-C2F70996E949}.Debug|x86.ActiveCfg = Debug|Win32
		{DBFB4686-2716-4D95-8698-C2F70996E949}.Debug|x86.Build.0 = Debug|Win32
		{DBFB4686-2716-4D95-8698-C2F70996E949}.Release|x64.ActiveCfg = Release|x64
		{DBFB4686-2716-4D95-8698-C2F70996E949}.Release|x64.Build.0 = Release|x64
		{DBFB4686-2716-4D95-8698-C2F70996E949}.Release|x86.ActiveCfg = Release|Win32
		{DBFB4686-2716-4D95-8698-C2F70996E949}.Release|x86.Build.0 = Release|Win32
		{F38BBC79-395B-4A00-B315-A738A196F760}.Debug|x64.ActiveCfg = Debug|x64
		{F38BBC79-395B-4A00-B315-A738A196F760}.Debug|x64.Build.0 = Debug|x64
		{F38BBC79-395B-4A00-B315-A738A196F760}.Debug|x86.ActiveCfg = Debug|Win32
		{F38BBC79-395B-4A00-B315-A738A196F760}.Debug|x86.Build.0 = Debug|Win32
		{F38BBC79-395B-4A00-B315-A738A196F760}.Release|x64.ActiveCfg = Release|x64
		{F38BBC79-395B-4A00-B315-A738A196F760}.Release|x64.Build.0 = Release|x64
		{F38BBC79-395B-4A00-B315-A738A196F760}.Release|x86.ActiveCfg = Release|Win32
		{F38BBC79-395B-4A00-B315-A738A196F760}.Release|x86.Build.0 = Release|Win32
		{E000F784-6E87-472F-89EC-BDE097F2007F}.Debug|x64.ActiveCfg = Debug|x64
		{E000F784-6E87-472F-89EC-BDE097F2007F}.Debug|x64.Build.0 = Debug|x64
		{E000F784-6E87-472F-89EC-BDE097F2007F}.Debug|x86.ActiveCfg = Debug|Win32
		{E000F784-6E87-472F-89EC-BDE097F2007F}.Debug|x86.Build.0 = Debug|Win32
		{E000F784-6E87-472F-89EC-BDE097F2007F}.Release|x64.ActiveCfg = Release|x64
		{E000F784-6E87-472F-89EC-BDE097F2007F}.Release|x64.Build.0 = Release|x64
		{E000F784-6E87-472F-89EC-BDE097F2007F}.Release|x86.ActiveCfg = Release|Win32
		{E000F784-6E87-472F-89EC-BDE097F2007F}.Release|x86.Build.0 = Release|Win32
		{3050F965-FAC5-48D8-9504-4A767E74DD25}.Debug|x64.ActiveCfg = Debug|x64
		{3050F965-FAC5-48D8-9504-4A767E74DD25}.Debug|x64.Build.0 = Debug|x64
		{3050F965-FAC5-48D8-9504-4A767E74DD25}.Debug|x86.ActiveCfg = Debug|Win32
		{3050F965-FAC5-48D8-9504-4A767E74DD25}.Debug|x86.Build.0 = Debug|Win32
		{3050F965-FAC5-48D8-9504-4A767E74DD25}.Release|x64.ActiveCfg = Release|x64
		{3050F965-FAC5-48D8-9504-4A767E74DD25}.Release|x64.Build.0 = Release|x64
		{3050F965-FAC5-48D8-9504-4A767E74DD25}.Release|x86.ActiveCfg = Release|Win32
		{3050F965-FAC5-48D8-9504-4A767E74DD25}.Release|x86.Build.0 = Release|Win32
		{1CED7803-E6CD-4793-807A-4FDBEA3975F5}.Debug|x64.ActiveCfg = Debug|x64
		{1CED7803-E6CD-4793-807A-4FDBEA3975F5}.Debug|x64.Build.0 = Debug|x64
		{1CED7803-E6CD-4793-807A-4FDBEA3975F5}.Debug|x86.ActiveCfg = Debug|Win32
		{1CED7803-E6CD-4793-807A-4FDBEA3975F5}.Debug|x86.Build.0 = Debug|Win32
		{1CED7803-E6CD-4793-807A-4FDBEA3975F5}.Release|x64.ActiveCfg = Release|x64
		{1CED7803-E6CD-4793-807A-4FDBEA3975F5}.Release|x64.Build.0 = Release|x64
		{1CED7803-E6CD-4793-807A-4FDBEA3975F5}.Release|x86.ActiveCfg = Release|Win32
		{1CED7803-E6CD-4793-807A-4FDBEA3975F5}.Release|x86.Build.0 = Release|Win32
		{60F25D3D-A6D7-4135-AA70-E9E20C6816EF}.Debug|x64.ActiveCfg = Debug|x64
		{60F25D3D-A6D7-4135-AA70-E9E20C6816EF}.Debug|x64.Build.0 = Debug|x64
		{60F25D3D-A6D7-4135-AA70-E9E20C6816EF}.Debug|x86.ActiveCfg = Debug|Win32
		{60F25D3D-A6D7-4135-AA70-E9E20C6816EF}.Debug|x86.Build.0 = Debug|Win32
		{60F25D3D-A6D7-4135-AA70-E9E20C6816EF}.Release|x64.ActiveCfg = Release|x64
		{60F25D3D-A6D7-4135-AA70-E9E20C6816EF}.Release|x64.Build.0 = Release|x64
		{60F25D3D-A6D7-4135-AA70-E9E20C6816EF}.Release|x86.ActiveCfg = Release|Win32
		{60F25D3D-A6D7-4135-AA70-E9E20C6816EF}.Release|x86.Build.0 = Release|Win32
		{87E9C2DF-5F91-43C3-9D31-85C9BF550DA5}.Debug|x64.ActiveCfg = Debug|x64
		{87E9C2DF-5F91-43C3-9D31-85C9BF550DA5}.Debug|x64.Build.0 = Debug|x64
		{87E9C2DF-5F91-43C3-9D31-85C9BF550DA5}.Debug|x86.ActiveCfg = Debug|Win32
		{87E9C2DF-5F91-43C3-9D31-85C9BF550DA5}.Debug|x86.Build.0 = Debug|Win32
		{87E9C2DF-5F91-43C3-9D31-85C9BF550DA5}.Release|x64.ActiveCfg = Release|x64
		{87E9C2DF-5F91-43C3-9D31-85C9BF550DA5}.Release|x64.Build.0 = Release|x64
		{87E9C2DF-5F91-43C3-9D31-85C9BF550DA5}.Release|x86.ActiveCfg = Release|Win32
		{87E9C2DF-5F91-43C3-9D31-85C9BF550DA5}.Release|x86.Build.0 = Release|Win32
		{A5629DE2-2C6B-434D-803E-6FB142C39C3B}.Debug|x64.ActiveCfg = Debug|x64
		{A5629DE2-2C6B-434D-803E-6FB142C39C3B}.Debug|x64.Build.0 = Debug|x64
		{A5629DE2-2C6B-434D-803E-6FB142C39C3B}.Debug|x86.ActiveCfg = Debug|Win32
		{A5629DE2-2C6B-434D-803E-6FB142C39C3B}.Debug|x86.Build.0 = Debug|Win32
		{A5629DE2-2C6B-434D-803E-6FB142C39C3B}.Release|x64.ActiveCfg = Release|x64
		{A5629DE2-2C6B-434D-803E-6FB142C39C3B}.Release|x64.Build.0 = Release|x64
		{A5629DE2-2C6B-434D-803E-6FB142C39C3B}.Release|x86.ActiveCfg = Release|Win32
		{A5629DE2-2C6B-434D-803E-6FB142C39C3B}.Release|x86.Build.0 = Release|Win32
		{6E9E07FF-B17E-46AB-B7BF-AD076BCD6298}.Debug|x64.ActiveCfg = Debug|x64
		{6E9E07FF-B17E-46AB-B7BF-AD076BCD6298}.Debug|x64.Build.0 = Debug|x64
		{6E9E07FF-B17E-46AB-B7BF-AD076BCD6298}.Debug|x86.ActiveCfg = Debug|Win32
		{6E9E07FF-B17E-46AB-B7BF-AD076BCD6298}.Debug|x86.Build.0 = Debug|Win32
		{6E9E07FF-B17E-46AB-B7BF-AD076BCD6298}.Release|x64.ActiveCfg = Release|x64
		{6E9E07FF-B17E-46AB-B7BF-AD076BCD6298}.Release|x64.Build.0 = Release|x64
		{6E9E07FF-B17E-46AB-B7BF-AD076BCD6298}.Release|x86.ActiveCfg = Release|Win32
		{6E9E07FF-B17E-46AB-B7BF-AD076BCD6298}.Release|x86.Build.0 = Release|Win32
		{163321FA-71D4-458A-BAA5-8B3461F9B997}.Debug|x64.ActiveCfg = Debug|x64
		{163321FA-71D4-458A-BAA5-8B3461F9B997}.Debug|x64.Build.0 = Debug|x64
		{163321FA-71D4-458A-BAA5-8B3461F9B997}.Debug|x86.ActiveCfg = Debug|Win32
		{163321FA-71D4-458A-BAA5-8B3461F9B997}.Debug|x86.Build.0 = Debug|Win32
		{163321FA-71D4-458A-BAA5-8B3461F9B997}.Release|x64.ActiveCfg = Release|x64
		{163321FA-71D4-458A-BAA5-8B3461F9B997}.Release|x64.Build.0 = Release|x64
		{163321FA-71D4-458A-BAA5-8B3461F9B997}.Release|x86.ActiveCfg = Release|Win32
		{163321FA-71D4-458A-BAA5-8B3461F9B997}.Release|x86.Build.0 = Release|Win32
		{076374AB-ACCA-4D5D-AB31-59A16F6A01F2}.Debug|x64.ActiveCfg = Debug|x64
		{076374AB-ACCA-4D5D-AB31-59A16F6A01F2}.Debug|x64.Build.0 = Debug|x64
		{076374AB-ACCA-4D5D-AB31-59A16F6A01F2}.Debug|x86.ActiveCfg = Debug|Win32
		{076374AB-ACCA-4D5D-AB31-59A16F6A01F2}.Debug|x86.Build.0 = Debug|Win32
		{076374AB-ACCA-4D5D-AB31-59A16F6A01F2}.Release|x64.ActiveCfg = Release|x64
		{076374AB-ACCA-4D5D-AB31-59A16F6A01F2}.Release|x64.Build.0 = Release|x64
		{076374AB-ACCA-4D5D-AB31-59A16F6A01F2}.Release|x86.ActiveCfg = Release|Win32
		{076374AB-ACCA-4D5D-AB31-59A16F6A01F2}.Release|x86.Build.0 = Release|Win32
		{D3F96CD1-4D7B-4D97-88D0-4CF13DCEB5F2}.Debug|x64.ActiveCfg = Debug|x64
		{D3F96CD1-4D7B-4D97-88D0-4CF13DCEB5F2}.Debug|x64.Build.0 = Debug|x64
		{D3F96CD1-4D7B-4D97-88D0-4CF13DCEB5F2}.Debug|x86.ActiveCfg = Debug|Win32
		{D3F96CD1-4D7B-4D97-88D0-4CF13DCEB5F2}.Debug|x86.Build.0 = Debug|Win32
		{D3F96CD1-4D7B-4D97-88D0-4CF13DCEB5F2}.Release|x64.ActiveCfg = Release|x64
		{D3F96CD1-4D7B-4D97-88D0-4CF13DCEB5F2}.Release|x64.Build.0 = Release|x64
		{D3F96CD1-4D7B-4D97-88D0-4CF13DCEB5F2}.Release|x86.ActiveCfg = Release|Win32
		{D3F96CD1-4D7B-4D97-88D0-4CF13DCEB5F2}.Release|x86.Build.0 = Release|Win32
		{3D82396A-3445-4AD5-8D02-C3A119C3A830}.Debug|x64.ActiveCfg = Debug|x64
		{3D82396A-3445-4AD5-8D02-C3A119C3A830}.Debug|x64.Build.0 = Debug|x64
		{3D82396A-3445-4AD5-8D02-C3A119C3A830}.Debug|x86.ActiveCfg = Debug|Win32
		{3D82396A-3445-4AD5-8D02-C3A119C3A830}.Debug|x86.Build.0 = Debug|Win32
		{3D82396A-3445-4AD5-8D02-C3A119C3A830}.Release|x64.ActiveCfg = Release|x64
		{3D82396A-3445-4AD5-8D02-C3A119C3A830}.Release|x64.Build.0 = Release|x64
		{3D82396A-3445-4AD5-8D02-C3A119C3A830}.Release|x86.ActiveCfg = Release|Win32
		{3D82396A-3445-4AD5-8D02-C3A119C3A830}.Release|x86.Build.0 = Release|Win32
		{9C14147C-7F95-4280-AD16-FE7E5486E8AD}.Debug|x64.ActiveCfg = Debug|x64
		{9C14147C-7F95-4280-AD16-FE7E5486E8AD}.Debug|x64.Build.0 = Debug|x64
		{9C14147C-7F95-4280-AD16-FE7E5486E8AD}.Debug|x86.ActiveCfg = Debug|Win32
		{9C14147C-7F95-4280-AD16-FE7E5486E8AD}.Debug|x86.Build.0 = Debug|Win32
		{9C14147C-7F95-4280-AD16-FE7E5486E8AD}.Release|x64.ActiveCfg = Release|x64
		{9C14147C-7F95-4280-AD16-FE7E5486E8AD}.Release|x64.Build.0 = Release|x64
		{9C14147C-7F95-4280-AD16-FE7E5486E8AD}.Release|x86.ActiveCfg = Release|Win32
		{9C14147C-7F95-4280-AD16-FE7E5486E8AD}.Release|x86.Build.0 = Release|Win32
		{6E386329-F458-4CF7-AC1C-8CCDFAE766A6}.Debug|x64.ActiveCfg = Debug|x64
		{6E386329-F458-4CF7-AC1C-8CCDFAE766A6}.Debug|x64.Build.0 = Debug|x64
		{6E386329-F458-4CF7-AC1C-8CCDFAE766A6}.Debug|x86.ActiveCfg = Debug|Win32
		{6E386329-F458-4CF7-AC1C-8CCDFAE766A6}.Debug|x86.Build.0 = Debug|Win32
		{6E386329-F458-4CF7-AC1C-8CCDFAE766A6}.Release|x64.ActiveCfg = Release|x64
		{6E386329-F458-4CF7-AC1C-8CCDFAE766A6}.Release|x64.Build.0 = Release|x64
		{6E386329-F458-4CF7-AC1C-8CCDFAE766A6}.Release|x86.ActiveCfg = Release|Win32
		{6E386329-F458-4CF7-AC1C-8CCDFAE766A6}.Release|x86.Build.0 = Release|Win32
		{EE49DD79-A2DD-4D3D-B9CB-D533D25747D7}.Debug|x64.ActiveCfg = Debug|x64
		{EE49DD79-A2DD-4D3D-B9CB-D533D25747D7}.Debug|x64.Build.0 = Debug|x64
		{EE49DD79-A2DD-4D3D-B9CB-D533D25747D7}.Debug|x86.ActiveCfg = Debug|Win32
		{EE49DD79-A2DD-4D3D-B9CB-D533D25747D7}.Debug|x86.Build.0 = Debug|Win32
		{EE49DD79-A2DD-4D3D-B9CB-D533D25747D7}.Release|x64.ActiveCfg = Release|x64
		{EE49DD79-A2DD-4D3D-B9CB-D533D25747D7}.Release|x64.Build.0 = Release|x64
		{EE49DD79-A2DD-4D3D-B9CB-D533D25747D7}.Release|x86.ActiveCfg = Release|Win32
		{EE49DD79-A2DD-4D3D-B9CB-D533D25747D7}.Release|x86.Build.0 = Release|Win32
		{BDC12835-EB4C-466E-BD65-8F82EECAC9F7}.Debug|x64.ActiveCfg = Debug|x64
		{BDC12835-EB4C-466E-BD65-8F82EECAC9F7}.Debug|x64.Build.0 = Debug|x64
		{BDC12835-EB4C-466E-BD65-8F82EECAC9F7}.Debug|x86.ActiveCfg = Debug|Win32
		{BDC12835-EB4C-466E-BD65-8F82EECAC9F7}.Debug|x86.Build.0 = Debug|Win32
		{BDC12835-EB4C-466E-BD65-8F82EECAC9F7}.Release|x64.ActiveCfg = Release|x64
		{BDC12835-EB4C-466E-BD65-8F82EECAC9F7}.Release|x64.Build.0 = Release|x64
		{BDC12835-EB4C-466E-BD65-8F82EECAC9F7}.Release|x86.ActiveCfg = Release|Win32
		{BDC12835-EB4C-466E-BD65-8F82EECAC9F7}.Release|x86.Build.0 = Release|Win32
	EndGlobalSection
	GlobalSection(SolutionProperties) = preSolution
		HideSolutionNode = FALSE
	EndGlobalSection
	GlobalSection(ExtensibilityGlobals) = postSolution
		SolutionGuid = {620283BD-54BE-4154-979F-6951428268C2}
	EndGlobalSection
EndGlobal
